# This file is automatically @generated by Cargo.
# It is not intended for manual editing.
version = 4

[[package]]
name = "libc"
version = "0.2.190"
source = "registry+https://github.com/rust-lang/crates.io-index"
checksum = "ce5d3ddc6d3fa000eb1536d85e147bfe31aacaba692ed6a876f95cb7c855be78"

[[package]]
name = "rupg"
version = "0.0.10"
source = "git+https://github.com/tamnd/rupg?rev=238dd515594a39e198c40375cf4236a282390753#238dd515594a39e198c40375cf4236a282390753"
dependencies = [
 "rupg-buffer",
 "rupg-common",
 "rupg-file",
 "rupg-log",
 "rupg-platform",
 "rupg-table",
 "rupg-txn",
 "rupg-types",
]

[[package]]
name = "rupg-bench"
version = "0.0.0"
dependencies = [
 "rupg",
]

[[package]]
name = "rupg-buffer"
version = "0.0.10"
source = "git+https://github.com/tamnd/rupg?rev=238dd515594a39e198c40375cf4236a282390753#238dd515594a39e198c40375cf4236a282390753"
dependencies = [
 "rupg-common",
 "rupg-file",
 "rupg-platform",
]

[[package]]
name = "rupg-common"
version = "0.0.10"
source = "git+https://github.com/tamnd/rupg?rev=238dd515594a39e198c40375cf4236a282390753#238dd515594a39e198c40375cf4236a282390753"

[[package]]
name = "rupg-file"
version = "0.0.10"
source = "git+https://github.com/tamnd/rupg?rev=238dd515594a39e198c40375cf4236a282390753#238dd515594a39e198c40375cf4236a282390753"
dependencies = [
 "rupg-common",
 "rupg-platform",
]

[[package]]
name = "rupg-hot"
version = "0.0.10"
source = "git+https://github.com/tamnd/rupg?rev=238dd515594a39e198c40375cf4236a282390753#238dd515594a39e198c40375cf4236a282390753"
dependencies = [
 "rupg-common",
 "rupg-file",
 "rupg-tree",
]

[[package]]
name = "rupg-kernels"
version = "0.0.10"
source = "git+https://github.com/tamnd/rupg?rev=238dd515594a39e198c40375cf4236a282390753#238dd515594a39e198c40375cf4236a282390753"

[[package]]
name = "rupg-log"
version = "0.0.10"
source = "git+https://github.com/tamnd/rupg?rev=238dd515594a39e198c40375cf4236a282390753#238dd515594a39e198c40375cf4236a282390753"
dependencies = [
 "rupg-buffer",
 "rupg-common",
 "rupg-file",
 "rupg-kernels",
]

[[package]]
name = "rupg-platform"
version = "0.0.10"
source = "git+https://github.com/tamnd/rupg?rev=238dd515594a39e198c40375cf4236a282390753#238dd515594a39e198c40375cf4236a282390753"
dependencies = [
 "libc",
 "rupg-common",
]

[[package]]
name = "rupg-table"
version = "0.0.10"
source = "git+https://github.com/tamnd/rupg?rev=238dd515594a39e198c40375cf4236a282390753#238dd515594a39e198c40375cf4236a282390753"
dependencies = [
 "rupg-common",
 "rupg-file",
 "rupg-hot",
 "rupg-types",
]

[[package]]
name = "rupg-tree"
version = "0.0.10"
source = "git+https://github.com/tamnd/rupg?rev=238dd515594a39e198c40375cf4236a282390753#238dd515594a39e198c40375cf4236a282390753"
dependencies = [
 "rupg-common",
 "rupg-file",
]

[[package]]
name = "rupg-txn"
version = "0.0.10"
source = "git+https://github.com/tamnd/rupg?rev=238dd515594a39e198c40375cf4236a282390753#238dd515594a39e198c40375cf4236a282390753"
dependencies = [
 "rupg-buffer",
 "rupg-common",
 "rupg-file",
 "rupg-hot",
 "rupg-log",
 "rupg-platform",
 "rupg-table",
 "rupg-types",
]

[[package]]
name = "rupg-types"
version = "0.0.10"
source = "git+https://github.com/tamnd/rupg?rev=238dd515594a39e198c40375cf4236a282390753#238dd515594a39e198c40375cf4236a282390753"
dependencies = [
 "rupg-common",
]
